Microsoft Visual Studio Solution File, Format Version 11.00
# Visual Studio 2008

Project("{6901102C-FBD6-CF0A-B98E-7330EF40BA57}") = "ArtificialIntelligenceProject", "Assembly-CSharp-firstpass.csproj", "{19AD2F09-8A20-134A-C47E-9F7F3BA11DB9}"
EndProject
Project("{6901102C-FBD6-CF0A-B98E-7330EF40BA57}") = "ArtificialIntelligenceProject", "Assembly-CSharp.csproj", "{3AA06CEF-4466-3296-A6CC-5A409324F4D3}"
EndProject
Project("{6901102C-FBD6-CF0A-B98E-7330EF40BA57}") = "ArtificialIntelligenceProject", "Assembly-UnityScript-firstpass.unityproj", "{04884914-77D2-C441-BD95-796BD6D1C259}"
EndProject
Global
	GlobalSection(SolutionConfigurationPlatforms) = preSolution
		Debug|Any CPU = Debug|Any CPU
		Release|Any CPU = Release|Any CPU
	EndGlobalSection
	GlobalSection(ProjectConfigurationPlatforms) = postSolution
		{19AD2F09-8A20-134A-C47E-9F7F3BA11DB9}.Debug|Any CPU.ActiveCfg = Debug|Any CPU
		{19AD2F09-8A20-134A-C47E-9F7F3BA11DB9}.Debug|Any CPU.Build.0 = Debug|Any CPU
		{19AD2F09-8A20-134A-C47E-9F7F3BA11DB9}.Release|Any CPU.ActiveCfg = Release|Any CPU
		{19AD2F09-8A20-134A-C47E-9F7F3BA11DB9}.Release|Any CPU.Build.0 = Release|Any CPU
		{3AA06CEF-4466-3296-A6CC-5A409324F4D3}.Debug|Any CPU.ActiveCfg = Debug|Any CPU
		{3AA06CEF-4466-3296-A6CC-5A409324F4D3}.Debug|Any CPU.Build.0 = Debug|Any CPU
		{3AA06CEF-4466-3296-A6CC-5A409324F4D3}.Release|Any CPU.ActiveCfg = Release|Any CPU
		{3AA06CEF-4466-3296-A6CC-5A409324F4D3}.Release|Any CPU.Build.0 = Release|Any CPU
		{04884914-77D2-C441-BD95-796BD6D1C259}.Debug|Any CPU.ActiveCfg = Debug|Any CPU
		{04884914-77D2-C441-BD95-796BD6D1C259}.Debug|Any CPU.Build.0 = Debug|Any CPU
		{04884914-77D2-C441-BD95-796BD6D1C259}.Release|Any CPU.ActiveCfg = Release|Any CPU
		{04884914-77D2-C441-BD95-796BD6D1C259}.Release|Any CPU.Build.0 = Release|Any CPU
	EndGlobalSection
	GlobalSection(SolutionProperties) = preSolution
		HideSolutionNode = FALSE
	EndGlobalSection
												GlobalSection(MonoDevelopProperties) = preSolution
		StartupItem = Assembly-CSharp.csproj
		Policies = $0
		$0.TextStylePolicy = $1
		$1.inheritsSet = null
		$1.scope = text/x-csharp
		$0.CSharpFormattingPolicy = $2
		$2.inheritsSet = Mono
		$2.inheritsScope = text/x-csharp
		$2.scope = text/x-csharp
		$0.TextStylePolicy = $3
		$3.FileWidth = 120
		$3.TabWidth = 4
		$3.EolMarker = Unix
		$3.inheritsSet = Mono
		$3.inheritsScope = text/plain
		$3.scope = text/plain
	EndGlobalSection

EndGlobal
